// !$*UTF8*$!
{
	archiveVersion = 1;
	classes = {
	};
	objectVersion = 46;
	objects = {

/* Begin PBXBuildFile section */
		049755CC19AD874C007F2A38 /* runPenguin.atlas in Resources */ = {isa = PBXBuildFile; fileRef = 049755CB19AD874C007F2A38 /* runPenguin.atlas */; };
		04BD935619B72E2600FC761D /* GameKit.framework in Frameworks */ = {isa = PBXBuildFile; fileRef = 04BD935519B72E2600FC761D /* GameKit.framework */; };
		04BD935A19B845CA00FC761D /* MrdIconSDK.framework in Frameworks */ = {isa = PBXBuildFile; fileRef = 04BD935919B845CA00FC761D /* MrdIconSDK.framework */; };
		04F5850419AF3F1C00FD5A19 /* Wall.m in Sources */ = {isa = PBXBuildFile; fileRef = 04F5850319AF3F1C00FD5A19 /* Wall.m */; };
		04FFE32819B1A54C0073844B /* libNendAd.a in Frameworks */ = {isa = PBXBuildFile; fileRef = 04FFE32119B1A54C0073844B /* libNendAd.a */; };
		04FFE32919B1A54C0073844B /* NADView_readme.txt in Resources */ = {isa = PBXBuildFile; fileRef = 04FFE32719B1A54C0073844B /* NADView_readme.txt */; };
		04FFE32B19B1A57C0073844B /* ImageIO.framework in Frameworks */ = {isa = PBXBuildFile; fileRef = 04FFE32A19B1A57C0073844B /* ImageIO.framework */; };
		04FFE32D19B1A59D0073844B /* AdSupport.framework in Frameworks */ = {isa = PBXBuildFile; fileRef = 04FFE32C19B1A59D0073844B /* AdSupport.framework */; };
		04FFE32F19B1A5A90073844B /* Security.framework in Frameworks */ = {isa = PBXBuildFile; fileRef = 04FFE32E19B1A5A90073844B /* Security.framework */; };
		A47EF8CF19A61B4100BB73B7 /* Road.m in Sources */ = {isa = PBXBuildFile; fileRef = A47EF8CE19A61B4100BB73B7 /* Road.m */; };
		A47EF8DB19AB646800BB73B7 /* Sabotage.m in Sources */ = {isa = PBXBuildFile; fileRef = A47EF8DA19AB646800BB73B7 /* Sabotage.m */; };
		A4A2BC2A19B8705200D8D9F4 /* Spark.sks in Resources */ = {isa = PBXBuildFile; fileRef = A4A2BC2819B8705200D8D9F4 /* Spark.sks */; };
		A4A2BC2B19B8705200D8D9F4 /* spark.png in Resources */ = {isa = PBXBuildFile; fileRef = A4A2BC2919B8705200D8D9F4 /* spark.png */; };
		A4B4667819A4B62500B72D7E /* Foundation.framework in Frameworks */ = {isa = PBXBuildFile; fileRef = A4B4667719A4B62500B72D7E /* Foundation.framework */; };
		A4B4667A19A4B62500B72D7E /* CoreGraphics.framework in Frameworks */ = {isa = PBXBuildFile; fileRef = A4B4667919A4B62500B72D7E /* CoreGraphics.framework */; };
		A4B4667C19A4B62500B72D7E /* UIKit.framework in Frameworks */ = {isa = PBXBuildFile; fileRef = A4B4667B19A4B62500B72D7E /* UIKit.framework */; };
		A4B4667E19A4B62500B72D7E /* SpriteKit.framework in Frameworks */ = {isa = PBXBuildFile; fileRef = A4B4667D19A4B62500B72D7E /* SpriteKit.framework */; };
		A4B4668419A4B62500B72D7E /* InfoPlist.strings in Resources */ = {isa = PBXBuildFile; fileRef = A4B4668219A4B62500B72D7E /* InfoPlist.strings */; };
		A4B4668619A4B62500B72D7E /* main.m in Sources */ = {isa = PBXBuildFile; fileRef = A4B4668519A4B62500B72D7E /* main.m */; };
		A4B4668A19A4B62500B72D7E /* AppDelegate.m in Sources */ = {isa = PBXBuildFile; fileRef = A4B4668919A4B62500B72D7E /* AppDelegate.m */; };
		A4B4668D19A4B62500B72D7E /* Main.storyboard in Resources */ = {isa = PBXBuildFile; fileRef = A4B4668B19A4B62500B72D7E /* Main.storyboard */; };
		A4B4669019A4B62500B72D7E /* ViewController.m in Sources */ = {isa = PBXBuildFile; fileRef = A4B4668F19A4B62500B72D7E /* ViewController.m */; };
		A4B4669719A4B62500B72D7E /* Images.xcassets in Resources */ = {isa = PBXBuildFile; fileRef = A4B4669619A4B62500B72D7E /* Images.xcassets */; };
		A4B4669E19A4B62500B72D7E /* XCTest.framework in Frameworks */ = {isa = PBXBuildFile; fileRef = A4B4669D19A4B62500B72D7E /* XCTest.framework */; };
		A4B4669F19A4B62500B72D7E /* Foundation.framework in Frameworks */ = {isa = PBXBuildFile; fileRef = A4B4667719A4B62500B72D7E /* Foundation.framework */; };
		A4B466A019A4B62500B72D7E /* UIKit.framework in Frameworks */ = {isa = PBXBuildFile; fileRef = A4B4667B19A4B62500B72D7E /* UIKit.framework */; };
		A4B466A819A4B62500B72D7E /* InfoPlist.strings in Resources */ = {isa = PBXBuildFile; fileRef = A4B466A619A4B62500B72D7E /* InfoPlist.strings */; };
		A4B466AA19A4B62500B72D7E /* CatchFishTests.m in Sources */ = {isa = PBXBuildFile; fileRef = A4B466A919A4B62500B72D7E /* CatchFishTests.m */; };
		A4B466B519A4B7CE00B72D7E /* GameView.m in Sources */ = {isa = PBXBuildFile; fileRef = A4B466B419A4B7CE00B72D7E /* GameView.m */; };
		A4B466B819A4B7F800B72D7E /* GameScene.m in Sources */ = {isa = PBXBuildFile; fileRef = A4B466B719A4B7F800B72D7E /* GameScene.m */; };
		A4B466BB19A4B81E00B72D7E /* TitleScene.m in Sources */ = {isa = PBXBuildFile; fileRef = A4B466BA19A4B81E00B72D7E /* TitleScene.m */; };
		A4B466BE19A4B87400B72D7E /* SceneManager.m in Sources */ = {isa = PBXBuildFile; fileRef = A4B466BD19A4B87400B72D7E /* SceneManager.m */; };
		A4B466C119A4BBB800B72D7E /* Player.m in Sources */ = {isa = PBXBuildFile; fileRef = A4B466C019A4BBB800B72D7E /* Player.m */; };
		A4B466C419A4BBCC00B72D7E /* Penguin.m in Sources */ = {isa = PBXBuildFile; fileRef = A4B466C319A4BBCC00B72D7E /* Penguin.m */; };
		A4B466C719A4BBEB00B72D7E /* ObjectBitMask.m in Sources */ = {isa = PBXBuildFile; fileRef = A4B466C619A4BBEB00B72D7E /* ObjectBitMask.m */; };
		A4DF0E0A19B70C0B00D82497 /* Impact.ttf in Resources */ = {isa = PBXBuildFile; fileRef = A4DF0E0919B70C0B00D82497 /* Impact.ttf */; };
/* End PBXBuildFile section */

/* Begin PBXContainerItemProxy section */
		A4B466A119A4B62500B72D7E /* PBXContainerItemProxy */ = {
			isa = PBXContainerItemProxy;
			containerPortal = A4B4666C19A4B62500B72D7E /* Project object */;
			proxyType = 1;
			remoteGlobalIDString = A4B4667319A4B62500B72D7E;
			remoteInfo = CatchFish;
		};
/* End PBXContainerItemProxy section */

/* Begin PBXFileReference section */
		049755CB19AD874C007F2A38 /* runPenguin.atlas */ = {isa = PBXFileReference; lastKnownFileType = folder.skatlas; path = runPenguin.atlas; sourceTree = "<group>"; };
		04BD935519B72E2600FC761D /* GameKit.framework */ = {isa = PBXFileReference; lastKnownFileType = wrapper.framework; name = GameKit.framework; path = System/Library/Frameworks/GameKit.framework; sourceTree = SDKROOT; };
		04BD935919B845CA00FC761D /* MrdIconSDK.framework */ = {isa = PBXFileReference; lastKnownFileType = wrapper.framework; path = MrdIconSDK.framework; sourceTree = "<group>"; };
		04F5850219AF3F1C00FD5A19 /* Wall.h */ = {isa = PBXFileReference; fileEncoding = 4; lastKnownFileType = sourcecode.c.h; path = Wall.h; sourceTree = "<group>"; };
		04F5850319AF3F1C00FD5A19 /* Wall.m */ = {isa = PBXFileReference; fileEncoding = 4; lastKnownFileType = sourcecode.c.objc; path = Wall.m; sourceTree = "<group>"; };
		04FFE32119B1A54C0073844B /* libNendAd.a */ = {isa = PBXFileReference; lastKnownFileType = archive.ar; path = libNendAd.a; sourceTree = "<group>"; };
		04FFE32219B1A54C0073844B /* NADIconArrayView.h */ = {isa = PBXFileReference; fileEncoding = 4; lastKnownFileType = sourcecode.c.h; path = NADIconArrayView.h; sourceTree = "<group>"; };
		04FFE32319B1A54C0073844B /* NADIconLoader.h */ = {isa = PBXFileReference; fileEncoding = 4; lastKnownFileType = sourcecode.c.h; path = NADIconLoader.h; sourceTree = "<group>"; };
		04FFE32419B1A54C0073844B /* NADIconView.h */ = {isa = PBXFileReference; fileEncoding = 4; lastKnownFileType = sourcecode.c.h; path = NADIconView.h; sourceTree = "<group>"; };
		04FFE32519B1A54C0073844B /* NADInterstitial.h */ = {isa = PBXFileReference; fileEncoding = 4; lastKnownFileType = sourcecode.c.h; path = NADInterstitial.h; sourceTree = "<group>"; };
		04FFE32619B1A54C0073844B /* NADView.h */ = {isa = PBXFileReference; fileEncoding = 4; lastKnownFileType = sourcecode.c.h; path = NADView.h; sourceTree = "<group>"; };
		04FFE32719B1A54C0073844B /* NADView_readme.txt */ = {isa = PBXFileReference; fileEncoding = 4; lastKnownFileType = text; path = NADView_readme.txt; sourceTree = "<group>"; };
		04FFE32A19B1A57C0073844B /* ImageIO.framework */ = {isa = PBXFileReference; lastKnownFileType = wrapper.framework; name = ImageIO.framework; path = System/Library/Frameworks/ImageIO.framework; sourceTree = SDKROOT; };
		04FFE32C19B1A59D0073844B /* AdSupport.framework */ = {isa = PBXFileReference; lastKnownFileType = wrapper.framework; name = AdSupport.framework; path = System/Library/Frameworks/AdSupport.framework; sourceTree = SDKROOT; };
		04FFE32E19B1A5A90073844B /* Security.framework */ = {isa = PBXFileReference; lastKnownFileType = wrapper.framework; name = Security.framework; path = System/Library/Frameworks/Security.framework; sourceTree = SDKROOT; };
		A47EF8CD19A61B4100BB73B7 /* Road.h */ = {isa = PBXFileReference; fileEncoding = 4; lastKnownFileType = sourcecode.c.h; path = Road.h; sourceTree = "<group>"; };
		A47EF8CE19A61B4100BB73B7 /* Road.m */ = {isa = PBXFileReference; fileEncoding = 4; lastKnownFileType = sourcecode.c.objc; path = Road.m; sourceTree = "<group>"; };
		A47EF8D919AB646700BB73B7 /* Sabotage.h */ = {isa = PBXFileReference; fileEncoding = 4; lastKnownFileType = sourcecode.c.h; path = Sabotage.h; sourceTree = "<group>"; };
		A47EF8DA19AB646800BB73B7 /* Sabotage.m */ = {isa = PBXFileReference; fileEncoding = 4; lastKnownFileType = sourcecode.c.objc; path = Sabotage.m; sourceTree = "<group>"; };
		A4A2BC2819B8705200D8D9F4 /* Spark.sks */ = {isa = PBXFileReference; lastKnownFileType = file.sks; path = Spark.sks; sourceTree = "<group>"; };
		A4A2BC2919B8705200D8D9F4 /* spark.png */ = {isa = PBXFileReference; lastKnownFileType = image.png; path = spark.png; sourceTree = "<group>"; };
		A4B4667419A4B62500B72D7E /* CatchFish.app */ = {isa = PBXFileReference; explicitFileType = wrapper.application; includeInIndex = 0; path = CatchFish.app; sourceTree = BUILT_PRODUCTS_DIR; };
		A4B4667719A4B62500B72D7E /* Foundation.framework */ = {isa = PBXFileReference; lastKnownFileType = wrapper.framework; name = Foundation.framework; path = System/Library/Frameworks/Foundation.framework; sourceTree = SDKROOT; };
		A4B4667919A4B62500B72D7E /* CoreGraphics.framework */ = {isa = PBXFileReference; lastKnownFileType = wrapper.framework; name = CoreGraphics.framework; path = System/Library/Frameworks/CoreGraphics.framework; sourceTree = SDKROOT; };
		A4B4667B19A4B62500B72D7E /* UIKit.framework */ = {isa = PBXFileReference; lastKnownFileType = wrapper.framework; name = UIKit.framework; path = System/Library/Frameworks/UIKit.framework; sourceTree = SDKROOT; };
		A4B4667D19A4B62500B72D7E /* SpriteKit.framework */ = {isa = PBXFileReference; lastKnownFileType = wrapper.framework; name = SpriteKit.framework; path = System/Library/Frameworks/SpriteKit.framework; sourceTree = SDKROOT; };
		A4B4668119A4B62500B72D7E /* CatchFish-Info.plist */ = {isa = PBXFileReference; lastKnownFileType = text.plist.xml; path = "CatchFish-Info.plist"; sourceTree = "<group>"; };
		A4B4668319A4B62500B72D7E /* en */ = {isa = PBXFileReference; lastKnownFileType = text.plist.strings; name = en; path = en.lproj/InfoPlist.strings; sourceTree = "<group>"; };
		A4B4668519A4B62500B72D7E /* main.m */ = {isa = PBXFileReference; lastKnownFileType = sourcecode.c.objc; path = main.m; sourceTree = "<group>"; };
		A4B4668719A4B62500B72D7E /* CatchFish-Prefix.pch */ = {isa = PBXFileReference; lastKnownFileType = sourcecode.c.h; path = "CatchFish-Prefix.pch"; sourceTree = "<group>"; };
		A4B4668819A4B62500B72D7E /* AppDelegate.h */ = {isa = PBXFileReference; lastKnownFileType = sourcecode.c.h; path = AppDelegate.h; sourceTree = "<group>"; };
		A4B4668919A4B62500B72D7E /* AppDelegate.m */ = {isa = PBXFileReference; lastKnownFileType = sourcecode.c.objc; path = AppDelegate.m; sourceTree = "<group>"; };
		A4B4668C19A4B62500B72D7E /* Base */ = {isa = PBXFileReference; lastKnownFileType = file.storyboard; name = Base; path = Base.lproj/Main.storyboard; sourceTree = "<group>"; };
		A4B4668E19A4B62500B72D7E /* ViewController.h */ = {isa = PBXFileReference; lastKnownFileType = sourcecode.c.h; path = ViewController.h; sourceTree = "<group>"; };
		A4B4668F19A4B62500B72D7E /* ViewController.m */ = {isa = PBXFileReference; lastKnownFileType = sourcecode.c.objc; path = ViewController.m; sourceTree = "<group>"; };
		A4B4669619A4B62500B72D7E /* Images.xcassets */ = {isa = PBXFileReference; lastKnownFileType = folder.assetcatalog; path = Images.xcassets; sourceTree = "<group>"; };
		A4B4669C19A4B62500B72D7E /* CatchFishTests.xctest */ = {isa = PBXFileReference; explicitFileType = wrapper.cfbundle; includeInIndex = 0; path = CatchFishTests.xctest; sourceTree = BUILT_PRODUCTS_DIR; };
		A4B4669D19A4B62500B72D7E /* XCTest.framework */ = {isa = PBXFileReference; lastKnownFileType = wrapper.framework; name = XCTest.framework; path = Library/Frameworks/XCTest.framework; sourceTree = DEVELOPER_DIR; };
		A4B466A519A4B62500B72D7E /* CatchFishTests-Info.plist */ = {isa = PBXFileReference; lastKnownFileType = text.plist.xml; path = "CatchFishTests-Info.plist"; sourceTree = "<group>"; };
		A4B466A719A4B62500B72D7E /* en */ = {isa = PBXFileReference; lastKnownFileType = text.plist.strings; name = en; path = en.lproj/InfoPlist.strings; sourceTree = "<group>"; };
		A4B466A919A4B62500B72D7E /* CatchFishTests.m */ = {isa = PBXFileReference; lastKnownFileType = sourcecode.c.objc; path = CatchFishTests.m; sourceTree = "<group>"; };
		A4B466B319A4B7CE00B72D7E /* GameView.h */ = {isa = PBXFileReference; fileEncoding = 4; lastKnownFileType = sourcecode.c.h; path = GameView.h; sourceTree = "<group>"; };
		A4B466B419A4B7CE00B72D7E /* GameView.m */ = {isa = PBXFileReference; fileEncoding = 4; lastKnownFileType = sourcecode.c.objc; path = GameView.m; sourceTree = "<group>"; };
		A4B466B619A4B7F800B72D7E /* GameScene.h */ = {isa = PBXFileReference; fileEncoding = 4; lastKnownFileType = sourcecode.c.h; path = GameScene.h; sourceTree = "<group>"; };
		A4B466B719A4B7F800B72D7E /* GameScene.m */ = {isa = PBXFileReference; fileEncoding = 4; lastKnownFileType = sourcecode.c.objc; path = GameScene.m; sourceTree = "<group>"; };
		A4B466B919A4B81E00B72D7E /* TitleScene.h */ = {isa = PBXFileReference; fileEncoding = 4; lastKnownFileType = sourcecode.c.h; path = TitleScene.h; sourceTree = "<group>"; };
		A4B466BA19A4B81E00B72D7E /* TitleScene.m */ = {isa = PBXFileReference; fileEncoding = 4; lastKnownFileType = sourcecode.c.objc; path = TitleScene.m; sourceTree = "<group>"; };
		A4B466BC19A4B87400B72D7E /* SceneManager.h */ = {isa = PBXFileReference; fileEncoding = 4; lastKnownFileType = sourcecode.c.h; path = SceneManager.h; sourceTree = "<group>"; };
		A4B466BD19A4B87400B72D7E /* SceneManager.m */ = {isa = PBXFileReference; fileEncoding = 4; lastKnownFileType = sourcecode.c.objc; path = SceneManager.m; sourceTree = "<group>"; };
		A4B466BF19A4BBB800B72D7E /* Player.h */ = {isa = PBXFileReference; fileEncoding = 4; lastKnownFileType = sourcecode.c.h; path = Player.h; sourceTree = "<group>"; };
		A4B466C019A4BBB800B72D7E /* Player.m */ = {isa = PBXFileReference; fileEncoding = 4; lastKnownFileType = sourcecode.c.objc; path = Player.m; sourceTree = "<group>"; };
		A4B466C219A4BBCC00B72D7E /* Penguin.h */ = {isa = PBXFileReference; fileEncoding = 4; lastKnownFileType = sourcecode.c.h; path = Penguin.h; sourceTree = "<group>"; };
		A4B466C319A4BBCC00B72D7E /* Penguin.m */ = {isa = PBXFileReference; fileEncoding = 4; lastKnownFileType = sourcecode.c.objc; path = Penguin.m; sourceTree = "<group>"; };
		A4B466C519A4BBEB00B72D7E /* ObjectBitMask.h */ = {isa = PBXFileReference; fileEncoding = 4; lastKnownFileType = sourcecode.c.h; path = ObjectBitMask.h; sourceTree = "<group>"; };
		A4B466C619A4BBEB00B72D7E /* ObjectBitMask.m */ = {isa = PBXFileReference; fileEncoding = 4; lastKnownFileType = sourcecode.c.objc; path = ObjectBitMask.m; sourceTree = "<group>"; };
		A4DF0E0919B70C0B00D82497 /* Impact.ttf */ = {isa = PBXFileReference; lastKnownFileType = file; path = Impact.ttf; sourceTree = "<group>"; };
/* End PBXFileReference section */

/* Begin PBXFrameworksBuildPhase section */
		A4B4667119A4B62500B72D7E /* Frameworks */ = {
			isa = PBXFrameworksBuildPhase;
			buildActionMask = 2147483647;
			files = (
				04BD935619B72E2600FC761D /* GameKit.framework in Frameworks */,
				04FFE32F19B1A5A90073844B /* Security.framework in Frameworks */,
				04FFE32D19B1A59D0073844B /* AdSupport.framework in Frameworks */,
				04FFE32B19B1A57C0073844B /* ImageIO.framework in Frameworks */,
				A4B4667A19A4B62500B72D7E /* CoreGraphics.framework in Frameworks */,
				A4B4667C19A4B62500B72D7E /* UIKit.framework in Frameworks */,
				04FFE32819B1A54C0073844B /* libNendAd.a in Frameworks */,
				A4B4667E19A4B62500B72D7E /* SpriteKit.framework in Frameworks */,
				04BD935A19B845CA00FC761D /* MrdIconSDK.framework in Frameworks */,
				A4B4667819A4B62500B72D7E /* Foundation.framework in Frameworks */,
			);
			runOnlyForDeploymentPostprocessing = 0;
		};
		A4B4669919A4B62500B72D7E /* Frameworks */ = {
			isa = PBXFrameworksBuildPhase;
			buildActionMask = 2147483647;
			files = (
				A4B4669E19A4B62500B72D7E /* XCTest.framework in Frameworks */,
				A4B466A019A4B62500B72D7E /* UIKit.framework in Frameworks */,
				A4B4669F19A4B62500B72D7E /* Foundation.framework in Frameworks */,
			);
			runOnlyForDeploymentPostprocessing = 0;
		};
/* End PBXFrameworksBuildPhase section */

/* Begin PBXGroup section */
		04FFE32019B1A54C0073844B /* NendAd */ = {
			isa = PBXGroup;
			children = (
				04FFE32119B1A54C0073844B /* libNendAd.a */,
				04FFE32219B1A54C0073844B /* NADIconArrayView.h */,
				04FFE32319B1A54C0073844B /* NADIconLoader.h */,
				04FFE32419B1A54C0073844B /* NADIconView.h */,
				04FFE32519B1A54C0073844B /* NADInterstitial.h */,
				04FFE32619B1A54C0073844B /* NADView.h */,
				04FFE32719B1A54C0073844B /* NADView_readme.txt */,
			);
			path = NendAd;
			sourceTree = "<group>";
		};
		A4B4666B19A4B62500B72D7E = {
			isa = PBXGroup;
			children = (
				04FFE32019B1A54C0073844B /* NendAd */,
				A4B4667F19A4B62500B72D7E /* CatchFish */,
				A4B466A319A4B62500B72D7E /* CatchFishTests */,
				A4B4667619A4B62500B72D7E /* Frameworks */,
				A4B4667519A4B62500B72D7E /* Products */,
			);
			sourceTree = "<group>";
		};
		A4B4667519A4B62500B72D7E /* Products */ = {
			isa = PBXGroup;
			children = (
				A4B4667419A4B62500B72D7E /* CatchFish.app */,
				A4B4669C19A4B62500B72D7E /* CatchFishTests.xctest */,
			);
			name = Products;
			sourceTree = "<group>";
		};
		A4B4667619A4B62500B72D7E /* Frameworks */ = {
			isa = PBXGroup;
			children = (
				04BD935919B845CA00FC761D /* MrdIconSDK.framework */,
				04BD935519B72E2600FC761D /* GameKit.framework */,
				04FFE32E19B1A5A90073844B /* Security.framework */,
				04FFE32C19B1A59D0073844B /* AdSupport.framework */,
				04FFE32A19B1A57C0073844B /* ImageIO.framework */,
				A4B4667719A4B62500B72D7E /* Foundation.framework */,
				A4B4667919A4B62500B72D7E /* CoreGraphics.framework */,
				A4B4667B19A4B62500B72D7E /* UIKit.framework */,
				A4B4667D19A4B62500B72D7E /* SpriteKit.framework */,
				A4B4669D19A4B62500B72D7E /* XCTest.framework */,
			);
			name = Frameworks;
			sourceTree = "<group>";
		};
		A4B4667F19A4B62500B72D7E /* CatchFish */ = {
			isa = PBXGroup;
			children = (
				A4B4668819A4B62500B72D7E /* AppDelegate.h */,
				A4B4668919A4B62500B72D7E /* AppDelegate.m */,
				A4B4668B19A4B62500B72D7E /* Main.storyboard */,
				A4B466C219A4BBCC00B72D7E /* Penguin.h */,
				A4B466C319A4BBCC00B72D7E /* Penguin.m */,
				04F5850219AF3F1C00FD5A19 /* Wall.h */,
				04F5850319AF3F1C00FD5A19 /* Wall.m */,
				A4B466BF19A4BBB800B72D7E /* Player.h */,
				A4B466C019A4BBB800B72D7E /* Player.m */,
				A47EF8CD19A61B4100BB73B7 /* Road.h */,
				A47EF8CE19A61B4100BB73B7 /* Road.m */,
				A4B466C519A4BBEB00B72D7E /* ObjectBitMask.h */,
				A4B466C619A4BBEB00B72D7E /* ObjectBitMask.m */,
				A47EF8D919AB646700BB73B7 /* Sabotage.h */,
				A47EF8DA19AB646800BB73B7 /* Sabotage.m */,
				A4B466B919A4B81E00B72D7E /* TitleScene.h */,
				A4B466BA19A4B81E00B72D7E /* TitleScene.m */,
				A4B466B619A4B7F800B72D7E /* GameScene.h */,
				A4B466B719A4B7F800B72D7E /* GameScene.m */,
				A4B4668E19A4B62500B72D7E /* ViewController.h */,
				A4B4668F19A4B62500B72D7E /* ViewController.m */,
				A4B466B319A4B7CE00B72D7E /* GameView.h */,
				A4B466B419A4B7CE00B72D7E /* GameView.m */,
				A4B466BC19A4B87400B72D7E /* SceneManager.h */,
				A4B466BD19A4B87400B72D7E /* SceneManager.m */,
				A4A2BC2819B8705200D8D9F4 /* Spark.sks */,
				A4A2BC2919B8705200D8D9F4 /* spark.png */,
				A4B4669619A4B62500B72D7E /* Images.xcassets */,
				A4B4668019A4B62500B72D7E /* Supporting Files */,
			);
			path = CatchFish;
			sourceTree = "<group>";
		};
		A4B4668019A4B62500B72D7E /* Supporting Files */ = {
			isa = PBXGroup;
			children = (
				049755CB19AD874C007F2A38 /* runPenguin.atlas */,
				A4B4668119A4B62500B72D7E /* CatchFish-Info.plist */,
				A4DF0E0919B70C0B00D82497 /* Impact.ttf */,
				A4B4668219A4B62500B72D7E /* InfoPlist.strings */,
				A4B4668519A4B62500B72D7E /* main.m */,
				A4B4668719A4B62500B72D7E /* CatchFish-Prefix.pch */,
			);
			name = "Supporting Files";
			sourceTree = "<group>";
		};
		A4B466A319A4B62500B72D7E /* CatchFishTests */ = {
			isa = PBXGroup;
			children = (
				A4B466A919A4B62500B72D7E /* CatchFishTests.m */,
				A4B466A419A4B62500B72D7E /* Supporting Files */,
			);
			path = CatchFishTests;
			sourceTree = "<group>";
		};
		A4B466A419A4B62500B72D7E /* Supporting Files */ = {
			isa = PBXGroup;
			children = (
				A4B466A519A4B62500B72D7E /* CatchFishTests-Info.plist */,
				A4B466A619A4B62500B72D7E /* InfoPlist.strings */,
			);
			name = "Supporting Files";
			sourceTree = "<group>";
		};
/* End PBXGroup section */

/* Begin PBXNativeTarget section */
		A4B4667319A4B62500B72D7E /* CatchFish */ = {
			isa = PBXNativeTarget;
			buildConfigurationList = A4B466AD19A4B62500B72D7E /* Build configuration list for PBXNativeTarget "CatchFish" */;
			buildPhases = (
				A4B4667019A4B62500B72D7E /* Sources */,
				A4B4667119A4B62500B72D7E /* Frameworks */,
				A4B4667219A4B62500B72D7E /* Resources */,
			);
			buildRules = (
			);
			dependencies = (
			);
			name = CatchFish;
			productName = CatchFish;
			productReference = A4B4667419A4B62500B72D7E /* CatchFish.app */;
			productType = "com.apple.product-type.application";
		};
		A4B4669B19A4B62500B72D7E /* CatchFishTests */ = {
			isa = PBXNativeTarget;
			buildConfigurationList = A4B466B019A4B62500B72D7E /* Build configuration list for PBXNativeTarget "CatchFishTests" */;
			buildPhases = (
				A4B4669819A4B62500B72D7E /* Sources */,
				A4B4669919A4B62500B72D7E /* Frameworks */,
				A4B4669A19A4B62500B72D7E /* Resources */,
			);
			buildRules = (
			);
			dependencies = (
				A4B466A219A4B62500B72D7E /* PBXTargetDependency */,
			);
			name = CatchFishTests;
			productName = CatchFishTests;
			productReference = A4B4669C19A4B62500B72D7E /* CatchFishTests.xctest */;
			productType = "com.apple.product-type.bundle.unit-test";
		};
/* End PBXNativeTarget section */

/* Begin PBXProject section */
		A4B4666C19A4B62500B72D7E /* Project object */ = {
			isa = PBXProject;
			attributes = {
				LastUpgradeCheck = 0510;
				ORGANIZATIONNAME = sacrew;
				TargetAttributes = {
					A4B4667319A4B62500B72D7E = {
						DevelopmentTeam = DQ67LBWH5G;
						SystemCapabilities = {
							com.apple.GameCenter = {
								enabled = 1;
							};
						};
					};
					A4B4669B19A4B62500B72D7E = {
						TestTargetID = A4B4667319A4B62500B72D7E;
					};
				};
			};
			buildConfigurationList = A4B4666F19A4B62500B72D7E /* Build configuration list for PBXProject "CatchFish" */;
			compatibilityVersion = "Xcode 3.2";
			developmentRegion = English;
			hasScannedForEncodings = 0;
			knownRegions = (
				en,
				Base,
			);
			mainGroup = A4B4666B19A4B62500B72D7E;
			productRefGroup = A4B4667519A4B62500B72D7E /* Products */;
			projectDirPath = "";
			projectRoot = "";
			targets = (
				A4B4667319A4B62500B72D7E /* CatchFish */,
				A4B4669B19A4B62500B72D7E /* CatchFishTests */,
			);
		};
/* End PBXProject section */

/* Begin PBXResourcesBuildPhase section */
		A4B4667219A4B62500B72D7E /* Resources */ = {
			isa = PBXResourcesBuildPhase;
			buildActionMask = 2147483647;
			files = (
				04FFE32919B1A54C0073844B /* NADView_readme.txt in Resources */,
				A4B4668419A4B62500B72D7E /* InfoPlist.strings in Resources */,
				A4DF0E0A19B70C0B00D82497 /* Impact.ttf in Resources */,
				A4A2BC2A19B8705200D8D9F4 /* Spark.sks in Resources */,
				A4B4669719A4B62500B72D7E /* Images.xcassets in Resources */,
				A4A2BC2B19B8705200D8D9F4 /* spark.png in Resources */,
				049755CC19AD874C007F2A38 /* runPenguin.atlas in Resources */,
				A4B4668D19A4B62500B72D7E /* Main.storyboard in Resources */,
			);
			runOnlyForDeploymentPostprocessing = 0;
		};
		A4B4669A19A4B62500B72D7E /* Resources */ = {
			isa = PBXResourcesBuildPhase;
			buildActionMask = 2147483647;
			files = (
				A4B466A819A4B62500B72D7E /* InfoPlist.strings in Resources */,
			);
			runOnlyForDeploymentPostprocessing = 0;
		};
/* End PBXResourcesBuildPhase section */

/* Begin PBXSourcesBuildPhase section */
		A4B4667019A4B62500B72D7E /* Sources */ = {
			isa = PBXSourcesBuildPhase;
			buildActionMask = 2147483647;
			files = (
				04F5850419AF3F1C00FD5A19 /* Wall.m in Sources */,
				A4B466C719A4BBEB00B72D7E /* ObjectBitMask.m in Sources */,
				A4B466C119A4BBB800B72D7E /* Player.m in Sources */,
				A4B4669019A4B62500B72D7E /* ViewController.m in Sources */,
				A4B4668A19A4B62500B72D7E /* AppDelegate.m in Sources */,
				A4B466C419A4BBCC00B72D7E /* Penguin.m in Sources */,
				A4B466B819A4B7F800B72D7E /* GameScene.m in Sources */,
				A47EF8CF19A61B4100BB73B7 /* Road.m in Sources */,
				A47EF8DB19AB646800BB73B7 /* Sabotage.m in Sources */,
				A4B466BB19A4B81E00B72D7E /* TitleScene.m in Sources */,
				A4B466B519A4B7CE00B72D7E /* GameView.m in Sources */,
				A4B4668619A4B62500B72D7E /* main.m in Sources */,
				A4B466BE19A4B87400B72D7E /* SceneManager.m in Sources */,
			);
			runOnlyForDeploymentPostprocessing = 0;
		};
		A4B4669819A4B62500B72D7E /* Sources */ = {
			isa = PBXSourcesBuildPhase;
			buildActionMask = 2147483647;
			files = (
				A4B466AA19A4B62500B72D7E /* CatchFishTests.m in Sources */,
			);
			runOnlyForDeploymentPostprocessing = 0;
		};
/* End PBXSourcesBuildPhase section */

/* Begin PBXTargetDependency section */
		A4B466A219A4B62500B72D7E /* PBXTargetDependency */ = {
			isa = PBXTargetDependency;
			target = A4B4667319A4B62500B72D7E /* CatchFish */;
			targetProxy = A4B466A119A4B62500B72D7E /* PBXContainerItemProxy */;
		};
/* End PBXTargetDependency section */

/* Begin PBXVariantGroup section */
		A4B4668219A4B62500B72D7E /* InfoPlist.strings */ = {
			isa = PBXVariantGroup;
			children = (
				A4B4668319A4B62500B72D7E /* en */,
			);
			name = InfoPlist.strings;
			sourceTree = "<group>";
		};
		A4B4668B19A4B62500B72D7E /* Main.storyboard */ = {
			isa = PBXVariantGroup;
			children = (
				A4B4668C19A4B62500B72D7E /* Base */,
			);
			name = Main.storyboard;
			sourceTree = "<group>";
		};
		A4B466A619A4B62500B72D7E /* InfoPlist.strings */ = {
			isa = PBXVariantGroup;
			children = (
				A4B466A719A4B62500B72D7E /* en */,
			);
			name = InfoPlist.strings;
			sourceTree = "<group>";
		};
/* End PBXVariantGroup section */

/* Begin XCBuildConfiguration section */
		A4B466AB19A4B62500B72D7E /* Debug */ = {
			isa = XCBuildConfiguration;
			buildSettings = {
				ALWAYS_SEARCH_USER_PATHS = NO;
				CLANG_CXX_LANGUAGE_STANDARD = "gnu++0x";
				CLANG_CXX_LIBRARY = "libc++";
				CLANG_ENABLE_MODULES = YES;
				CLANG_ENABLE_OBJC_ARC = YES;
				CLANG_WARN_BOOL_CONVERSION = YES;
				CLANG_WARN_CONSTANT_CONVERSION = YES;
				CLANG_WARN_DIRECT_OBJC_ISA_USAGE = YES_ERROR;
				CLANG_WARN_EMPTY_BODY = YES;
				CLANG_WARN_ENUM_CONVERSION = YES;
				CLANG_WARN_INT_CONVERSION = YES;
				CLANG_WARN_OBJC_ROOT_CLASS = YES_ERROR;
				CLANG_WARN__DUPLICATE_METHOD_MATCH = YES;
				"CODE_SIGN_IDENTITY[sdk=iphoneos*]" = "iPhone Developer: 浩樹 安友 (V292ELV67P)";
				COPY_PHASE_STRIP = NO;
				GCC_C_LANGUAGE_STANDARD = gnu99;
				GCC_DYNAMIC_NO_PIC = NO;
				GCC_OPTIMIZATION_LEVEL = 0;
				GCC_PREPROCESSOR_DEFINITIONS = (
					"DEBUG=1",
					"$(inherited)",
				);
				GCC_SYMBOLS_PRIVATE_EXTERN = NO;
				GCC_WARN_64_TO_32_BIT_CONVERSION = YES;
				GCC_WARN_ABOUT_RETURN_TYPE = YES_ERROR;
				GCC_WARN_UNDECLARED_SELECTOR = YES;
				GCC_WARN_UNINITIALIZED_AUTOS = YES_AGGRESSIVE;
				GCC_WARN_UNUSED_FUNCTION = YES;
				GCC_WARN_UNUSED_VARIABLE = YES;
				IPHONEOS_DEPLOYMENT_TARGET = 7.1;
				ONLY_ACTIVE_ARCH = YES;
				PROVISIONING_PROFILE = "19963ff2-88be-450c-8e70-fa2316e9d111";
				SDKROOT = iphoneos;
				SPRITEKIT_TEXTURE_ATLAS_OUTPUT = YES;
			};
			name = Debug;
		};
		A4B466AC19A4B62500B72D7E /* Release */ = {
			isa = XCBuildConfiguration;
			buildSettings = {
				ALWAYS_SEARCH_USER_PATHS = NO;
				CLANG_CXX_LANGUAGE_STANDARD = "gnu++0x";
				CLANG_CXX_LIBRARY = "libc++";
				CLANG_ENABLE_MODULES = YES;
				CLANG_ENABLE_OBJC_ARC = YES;
				CLANG_WARN_BOOL_CONVERSION = YES;
				CLANG_WARN_CONSTANT_CONVERSION = YES;
				CLANG_WARN_DIRECT_OBJC_ISA_USAGE = YES_ERROR;
				CLANG_WARN_EMPTY_BODY = YES;
				CLANG_WARN_ENUM_CONVERSION = YES;
				CLANG_WARN_INT_CONVERSION = YES;
				CLANG_WARN_OBJC_ROOT_CLASS = YES_ERROR;
				CLANG_WARN__DUPLICATE_METHOD_MATCH = YES;
				"CODE_SIGN_IDENTITY[sdk=iphoneos*]" = "iPhone Distribution: SAKURU, K.K. (DQ67LBWH5G)";
				COPY_PHASE_STRIP = YES;
				ENABLE_NS_ASSERTIONS = NO;
				GCC_C_LANGUAGE_STANDARD = gnu99;
				GCC_WARN_64_TO_32_BIT_CONVERSION = YES;
				GCC_WARN_ABOUT_RETURN_TYPE = YES_ERROR;
				GCC_WARN_UNDECLARED_SELECTOR = YES;
				GCC_WARN_UNINITIALIZED_AUTOS = YES_AGGRESSIVE;
				GCC_WARN_UNUSED_FUNCTION = YES;
				GCC_WARN_UNUSED_VARIABLE = YES;
				IPHONEOS_DEPLOYMENT_TARGET = 7.1;
				PROVISIONING_PROFILE = "19963ff2-88be-450c-8e70-fa2316e9d111";
				SDKROOT = iphoneos;
				SPRITEKIT_TEXTURE_ATLAS_OUTPUT = YES;
				VALIDATE_PRODUCT = YES;
			};
			name = Release;
		};
		A4B466AE19A4B62500B72D7E /* Debug */ = {
			isa = XCBuildConfiguration;
			buildSettings = {
				ASSETCATALOG_COMPILER_APPICON_NAME = AppIcon;
				ASSETCATALOG_COMPILER_LAUNCHIMAGE_NAME = LaunchImage;
				CODE_SIGN_IDENTITY = "iPhone Developer";
				"CODE_SIGN_IDENTITY[sdk=iphoneos*]" = "iPhone Developer: 浩樹 安友 (V292ELV67P)";
				FRAMEWORK_SEARCH_PATHS = (
					"$(inherited)",
					"$(PROJECT_DIR)",
				);
				GCC_PRECOMPILE_PREFIX_HEADER = YES;
				GCC_PREFIX_HEADER = "CatchFish/CatchFish-Prefix.pch";
				INFOPLIST_FILE = "CatchFish/CatchFish-Info.plist";
				LIBRARY_SEARCH_PATHS = (
					"$(inherited)",
					"$(PROJECT_DIR)/NendAd",
				);
				PRODUCT_NAME = "$(TARGET_NAME)";
				PROVISIONING_PROFILE = "19963ff2-88be-450c-8e70-fa2316e9d111";
				SPRITEKIT_TEXTURE_ATLAS_OUTPUT = YES;
				WRAPPER_EXTENSION = app;
			};
			name = Debug;
		};
		A4B466AF19A4B62500B72D7E /* Release */ = {
			isa = XCBuildConfiguration;
			buildSettings = {
				ASSETCATALOG_COMPILER_APPICON_NAME = AppIcon;
				ASSETCATALOG_COMPILER_LAUNCHIMAGE_NAME = LaunchImage;
				CODE_SIGN_IDENTITY = "iPhone Developer";
				"CODE_SIGN_IDENTITY[sdk=iphoneos*]" = "iPhone Distribution: SAKURU, K.K. (DQ67LBWH5G)";
				FRAMEWORK_SEARCH_PATHS = (
					"$(inherited)",
					"$(PROJECT_DIR)",
				);
				GCC_PRECOMPILE_PREFIX_HEADER = YES;
				GCC_PREFIX_HEADER = "CatchFish/CatchFish-Prefix.pch";
				INFOPLIST_FILE = "CatchFish/CatchFish-Info.plist";
				LIBRARY_SEARCH_PATHS = (
					"$(inherited)",
					"$(PROJECT_DIR)/NendAd",
				);
				PRODUCT_NAME = "$(TARGET_NAME)";
				PROVISIONING_PROFILE = "19963ff2-88be-450c-8e70-fa2316e9d111";
				SPRITEKIT_TEXTURE_ATLAS_OUTPUT = YES;
				WRAPPER_EXTENSION = app;
			};
			name = Release;
		};
		A4B466B119A4B62500B72D7E /* Debug */ = {
			isa = XCBuildConfiguration;
			buildSettings = {
				BUNDLE_LOADER = "$(BUILT_PRODUCTS_DIR)/CatchFish.app/CatchFish";
				FRAMEWORK_SEARCH_PATHS = (
					"$(SDKROOT)/Developer/Library/Frameworks",
					"$(inherited)",
					"$(DEVELOPER_FRAMEWORKS_DIR)",
				);
				GCC_PRECOMPILE_PREFIX_HEADER = YES;
				GCC_PREFIX_HEADER = "CatchFish/CatchFish-Prefix.pch";
				GCC_PREPROCESSOR_DEFINITIONS = (
					"DEBUG=1",
					"$(inherited)",
				);
				INFOPLIST_FILE = "CatchFishTests/CatchFishTests-Info.plist";
				PRODUCT_NAME = "$(TARGET_NAME)";
				TEST_HOST = "$(BUNDLE_LOADER)";
				WRAPPER_EXTENSION = xctest;
			};
			name = Debug;
		};
		A4B466B219A4B62500B72D7E /* Release */ = {
			isa = XCBuildConfiguration;
			buildSettings = {
				BUNDLE_LOADER = "$(BUILT_PRODUCTS_DIR)/CatchFish.app/CatchFish";
				FRAMEWORK_SEARCH_PATHS = (
					"$(SDKROOT)/Developer/Library/Frameworks",
					"$(inherited)",
					"$(DEVELOPER_FRAMEWORKS_DIR)",
				);
				GCC_PRECOMPILE_PREFIX_HEADER = YES;
				GCC_PREFIX_HEADER = "CatchFish/CatchFish-Prefix.pch";
				INFOPLIST_FILE = "CatchFishTests/CatchFishTests-Info.plist";
				PRODUCT_NAME = "$(TARGET_NAME)";
				TEST_HOST = "$(BUNDLE_LOADER)";
				WRAPPER_EXTENSION = xctest;
			};
			name = Release;
		};
/* End XCBuildConfiguration section */

/* Begin XCConfigurationList section */
		A4B4666F19A4B62500B72D7E /* Build configuration list for PBXProject "CatchFish" */ = {
			isa = XCConfigurationList;
			buildConfigurations = (
				A4B466AB19A4B62500B72D7E /* Debug */,
				A4B466AC19A4B62500B72D7E /* Release */,
			);
			defaultConfigurationIsVisible = 0;
			defaultConfigurationName = Release;
		};
		A4B466AD19A4B62500B72D7E /* Build configuration list for PBXNativeTarget "CatchFish" */ = {
			isa = XCConfigurationList;
			buildConfigurations = (
				A4B466AE19A4B62500B72D7E /* Debug */,
				A4B466AF19A4B62500B72D7E /* Release */,
			);
			defaultConfigurationIsVisible = 0;
			defaultConfigurationName = Release;
		};
		A4B466B019A4B62500B72D7E /* Build configuration list for PBXNativeTarget "CatchFishTests" */ = {
			isa = XCConfigurationList;
			buildConfigurations = (
				A4B466B119A4B62500B72D7E /* Debug */,
				A4B466B219A4B62500B72D7E /* Release */,
			);
			defaultConfigurationIsVisible = 0;
			defaultConfigurationName = Release;
		};
/* End XCConfigurationList section */
	};
	rootObject = A4B4666C19A4B62500B72D7E /* Project object */;
}
